
Microsoft Visual Studio Solution File, Format Version 12.00
# Visual Studio Version 16
VisualStudioVersion = 16.0.30128.74
MinimumVisualStudioVersion = 10.0.40219.1
Project("{FAE04EC0-301F-11D3-BF4B-00C04F79EFBC}") = "Wash", "Wash\Wash.csproj", "{1622A71A-F828-4E1E-8279-74C94D385B02}"
EndProject
Global
	GlobalSection(SolutionConfigurationPlatforms) = preSolution
		Debug|Any CPU = Debug|Any CPU
		Release|Any CPU = Release|Any CPU
	EndGlobalSection
	GlobalSection(ProjectConfigurationPlatforms) = postSolution
		{1622A71A-F828-4E1E-8279-74C94D385B02}.Debug|Any CPU.ActiveCfg = Debug|Any CPU
		{1622A71A-F828-4E1E-8279-74C94D385B02}.Debug|Any CPU.Build.0 = Debug|Any CPU
		{1622A71A-F828-4E1E-8279-74C94D385B02}.Release|Any CPU.ActiveCfg = Release|Any CPU
		{1622A71A-F828-4E1E-8279-74C94D385B02}.Release|Any CPU.Build.0 = Release|Any CPU
	EndGlobalSection
	GlobalSection(SolutionProperties) = preSolution
		HideSolutionNode = FALSE
	EndGlobalSection
	GlobalSection(ExtensibilityGlobals) = postSolution
		SolutionGuid = {6D9ED930-1E1D-44D1-BC98-DA37A5C6DAFA}
	EndGlobalSection
EndGlobal
